
Microsoft Visual Studio Solution File, Format Version 12.00
# Visual Studio Version 16
VisualStudioVersion = 16.0.28803.452
MinimumVisualStudioVersion = 10.0.40219.1
Project("{FAE04EC0-301F-11D3-BF4B-00C04F79EFBC}") = "Homewokr", "Homewokr\Homewokr.csproj", "{EA8D0FA9-CA76-4CA2-BF96-DFC3003EAEDB}"
EndProject
Global
	GlobalSection(SolutionConfigurationPlatforms) = preSolution
		Debug|Any CPU = Debug|Any CPU
		Release|Any CPU = Release|Any CPU
	EndGlobalSection
	GlobalSection(ProjectConfigurationPlatforms) = postSolution
		{EA8D0FA9-CA76-4CA2-BF96-DFC3003EAEDB}.Debug|Any CPU.ActiveCfg = Debug|Any CPU
		{EA8D0FA9-CA76-4CA2-BF96-DFC3003EAEDB}.Debug|Any CPU.Build.0 = Debug|Any CPU
		{EA8D0FA9-CA76-4CA2-BF96-DFC3003EAEDB}.Release|Any CPU.ActiveCfg = Release|Any CPU
		{EA8D0FA9-CA76-4CA2-BF96-DFC3003EAEDB}.Release|Any CPU.Build.0 = Release|Any CPU
	EndGlobalSection
	GlobalSection(SolutionProperties) = preSolution
		HideSolutionNode = FALSE
	EndGlobalSection
	GlobalSection(ExtensibilityGlobals) = postSolution
		SolutionGuid = {AF6378FE-0D14-47E7-AABB-B91143F7E40B}
	EndGlobalSection
EndGlobal
